
Microsoft Visual Studio Solution File, Format Version 12.00
# Visual Studio 15
VisualStudioVersion = 15.0.27428.2037
MinimumVisualStudioVersion = 10.0.40219.1
Project("{8BC9CEB8-8B4A-11D0-8D11-00A0C91BC942}") = "A", "A\A.vcxproj", "{AA53E72D-54DD-4B6D-AE9C-EFF02BC1EAE4}"
EndProject
Global
	GlobalSection(SolutionConfigurationPlatforms) = preSolution
		Debug|x64 = Debug|x64
		Debug|x86 = Debug|x86
		Release|x64 = Release|x64
		Release|x86 = Release|x86
	EndGlobalSection
	GlobalSection(ProjectConfigurationPlatforms) = postSolution
		{AA53E72D-54DD-4B6D-AE9C-EFF02BC1EAE4}.Debug|x64.ActiveCfg = Debug|x64
		{AA53E72D-54DD-4B6D-AE9C-EFF02BC1EAE4}.Debug|x64.Build.0 = Debug|x64
		{AA53E72D-54DD-4B6D-AE9C-EFF02BC1EAE4}.Debug|x86.ActiveCfg = Debug|Win32
		{AA53E72D-54DD-4B6D-AE9C-EFF02BC1EAE4}.Debug|x86.Build.0 = Debug|Win32
		{AA53E72D-54DD-4B6D-AE9C-EFF02BC1EAE4}.Release|x64.ActiveCfg = Release|x64
		{AA53E72D-54DD-4B6D-AE9C-EFF02BC1EAE4}.Release|x64.Build.0 = Release|x64
		{AA53E72D-54DD-4B6D-AE9C-EFF02BC1EAE4}.Release|x86.ActiveCfg = Release|Win32
		{AA53E72D-54DD-4B6D-AE9C-EFF02BC1EAE4}.Release|x86.Build.0 = Release|Win32
	EndGlobalSection
	GlobalSection(SolutionProperties) = preSolution
		HideSolutionNode = FALSE
	EndGlobalSection
	GlobalSection(ExtensibilityGlobals) = postSolution
		SolutionGuid = {82971033-C691-431A-A4A3-7428E0EE54F9}
	EndGlobalSection
EndGlobal
