
Microsoft Visual Studio Solution File, Format Version 12.00
# Visual Studio 15
VisualStudioVersion = 15.0.27428.2037
MinimumVisualStudioVersion = 10.0.40219.1
Project("{8BC9CEB8-8B4A-11D0-8D11-00A0C91BC942}") = "poj 2387", "poj 2387\poj 2387.vcxproj", "{7ED2D037-704D-4909-A0BE-029831177E0B}"
EndProject
Global
	GlobalSection(SolutionConfigurationPlatforms) = preSolution
		Debug|x64 = Debug|x64
		Debug|x86 = Debug|x86
		Release|x64 = Release|x64
		Release|x86 = Release|x86
	EndGlobalSection
	GlobalSection(ProjectConfigurationPlatforms) = postSolution
		{7ED2D037-704D-4909-A0BE-029831177E0B}.Debug|x64.ActiveCfg = Debug|x64
		{7ED2D037-704D-4909-A0BE-029831177E0B}.Debug|x64.Build.0 = Debug|x64
		{7ED2D037-704D-4909-A0BE-029831177E0B}.Debug|x86.ActiveCfg = Debug|Win32
		{7ED2D037-704D-4909-A0BE-029831177E0B}.Debug|x86.Build.0 = Debug|Win32
		{7ED2D037-704D-4909-A0BE-029831177E0B}.Release|x64.ActiveCfg = Release|x64
		{7ED2D037-704D-4909-A0BE-029831177E0B}.Release|x64.Build.0 = Release|x64
		{7ED2D037-704D-4909-A0BE-029831177E0B}.Release|x86.ActiveCfg = Release|Win32
		{7ED2D037-704D-4909-A0BE-029831177E0B}.Release|x86.Build.0 = Release|Win32
	EndGlobalSection
	GlobalSection(SolutionProperties) = preSolution
		HideSolutionNode = FALSE
	EndGlobalSection
	GlobalSection(ExtensibilityGlobals) = postSolution
		SolutionGuid = {1E6F059E-E8F8-4A8F-AC6D-A4EC062B27C4}
	EndGlobalSection
EndGlobal
