
Microsoft Visual Studio Solution File, Format Version 12.00
# Visual Studio 15
VisualStudioVersion = 15.0.27428.2037
MinimumVisualStudioVersion = 10.0.40219.1
Project("{8BC9CEB8-8B4A-11D0-8D11-00A0C91BC942}") = "uva 10911 最优点匹配 状态压缩", "uva 10911 最优点匹配 状态压缩\uva 10911 最优点匹配 状态压缩.vcxproj", "{A08DF025-4017-4EBE-A758-47E25C80DA91}"
EndProject
Global
	GlobalSection(SolutionConfigurationPlatforms) = preSolution
		Debug|x64 = Debug|x64
		Debug|x86 = Debug|x86
		Release|x64 = Release|x64
		Release|x86 = Release|x86
	EndGlobalSection
	GlobalSection(ProjectConfigurationPlatforms) = postSolution
		{A08DF025-4017-4EBE-A758-47E25C80DA91}.Debug|x64.ActiveCfg = Debug|x64
		{A08DF025-4017-4EBE-A758-47E25C80DA91}.Debug|x64.Build.0 = Debug|x64
		{A08DF025-4017-4EBE-A758-47E25C80DA91}.Debug|x86.ActiveCfg = Debug|Win32
		{A08DF025-4017-4EBE-A758-47E25C80DA91}.Debug|x86.Build.0 = Debug|Win32
		{A08DF025-4017-4EBE-A758-47E25C80DA91}.Release|x64.ActiveCfg = Release|x64
		{A08DF025-4017-4EBE-A758-47E25C80DA91}.Release|x64.Build.0 = Release|x64
		{A08DF025-4017-4EBE-A758-47E25C80DA91}.Release|x86.ActiveCfg = Release|Win32
		{A08DF025-4017-4EBE-A758-47E25C80DA91}.Release|x86.Build.0 = Release|Win32
	EndGlobalSection
	GlobalSection(SolutionProperties) = preSolution
		HideSolutionNode = FALSE
	EndGlobalSection
	GlobalSection(ExtensibilityGlobals) = postSolution
		SolutionGuid = {6FF54181-3559-46A4-B976-8D4BC8065E6C}
	EndGlobalSection
EndGlobal
