
Microsoft Visual Studio Solution File, Format Version 12.00
# Visual Studio Version 16
VisualStudioVersion = 16.0.29025.244
MinimumVisualStudioVersion = 10.0.40219.1
Project("{8BC9CEB8-8B4A-11D0-8D11-00A0C91BC942}") = "HDU 2036", "HDU 2036.vcxproj", "{7DCA766F-3FB1-4B94-AD72-AB551473A6E6}"
EndProject
Global
	GlobalSection(SolutionConfigurationPlatforms) = preSolution
		Debug|x64 = Debug|x64
		Debug|x86 = Debug|x86
		Release|x64 = Release|x64
		Release|x86 = Release|x86
	EndGlobalSection
	GlobalSection(ProjectConfigurationPlatforms) = postSolution
		{7DCA766F-3FB1-4B94-AD72-AB551473A6E6}.Debug|x64.ActiveCfg = Debug|x64
		{7DCA766F-3FB1-4B94-AD72-AB551473A6E6}.Debug|x64.Build.0 = Debug|x64
		{7DCA766F-3FB1-4B94-AD72-AB551473A6E6}.Debug|x86.ActiveCfg = Debug|Win32
		{7DCA766F-3FB1-4B94-AD72-AB551473A6E6}.Debug|x86.Build.0 = Debug|Win32
		{7DCA766F-3FB1-4B94-AD72-AB551473A6E6}.Release|x64.ActiveCfg = Release|x64
		{7DCA766F-3FB1-4B94-AD72-AB551473A6E6}.Release|x64.Build.0 = Release|x64
		{7DCA766F-3FB1-4B94-AD72-AB551473A6E6}.Release|x86.ActiveCfg = Release|Win32
		{7DCA766F-3FB1-4B94-AD72-AB551473A6E6}.Release|x86.Build.0 = Release|Win32
	EndGlobalSection
	GlobalSection(SolutionProperties) = preSolution
		HideSolutionNode = FALSE
	EndGlobalSection
	GlobalSection(ExtensibilityGlobals) = postSolution
		SolutionGuid = {B19D97AF-9C30-46EB-B323-7FCD617B2945}
	EndGlobalSection
EndGlobal
