
Microsoft Visual Studio Solution File, Format Version 12.00
# Visual Studio 15
VisualStudioVersion = 15.0.27428.2037
MinimumVisualStudioVersion = 10.0.40219.1
Project("{8BC9CEB8-8B4A-11D0-8D11-00A0C91BC942}") = "A", "A\A.vcxproj", "{18371FFE-902C-43A4-A395-338A53C94D87}"
EndProject
Global
	GlobalSection(SolutionConfigurationPlatforms) = preSolution
		Debug|x64 = Debug|x64
		Debug|x86 = Debug|x86
		Release|x64 = Release|x64
		Release|x86 = Release|x86
	EndGlobalSection
	GlobalSection(ProjectConfigurationPlatforms) = postSolution
		{18371FFE-902C-43A4-A395-338A53C94D87}.Debug|x64.ActiveCfg = Debug|x64
		{18371FFE-902C-43A4-A395-338A53C94D87}.Debug|x64.Build.0 = Debug|x64
		{18371FFE-902C-43A4-A395-338A53C94D87}.Debug|x86.ActiveCfg = Debug|Win32
		{18371FFE-902C-43A4-A395-338A53C94D87}.Debug|x86.Build.0 = Debug|Win32
		{18371FFE-902C-43A4-A395-338A53C94D87}.Release|x64.ActiveCfg = Release|x64
		{18371FFE-902C-43A4-A395-338A53C94D87}.Release|x64.Build.0 = Release|x64
		{18371FFE-902C-43A4-A395-338A53C94D87}.Release|x86.ActiveCfg = Release|Win32
		{18371FFE-902C-43A4-A395-338A53C94D87}.Release|x86.Build.0 = Release|Win32
	EndGlobalSection
	GlobalSection(SolutionProperties) = preSolution
		HideSolutionNode = FALSE
	EndGlobalSection
	GlobalSection(ExtensibilityGlobals) = postSolution
		SolutionGuid = {05635570-E8C9-4DA0-883E-9FD2B1832E27}
	EndGlobalSection
EndGlobal
