
Microsoft Visual Studio Solution File, Format Version 12.00
# Visual Studio 15
VisualStudioVersion = 15.0.27428.2037
MinimumVisualStudioVersion = 10.0.40219.1
Project("{8BC9CEB8-8B4A-11D0-8D11-00A0C91BC942}") = "uva 1347", "uva 1347\uva 1347.vcxproj", "{DA726001-79DA-45A6-B878-DB659DCA57F3}"
EndProject
Global
	GlobalSection(SolutionConfigurationPlatforms) = preSolution
		Debug|x64 = Debug|x64
		Debug|x86 = Debug|x86
		Release|x64 = Release|x64
		Release|x86 = Release|x86
	EndGlobalSection
	GlobalSection(ProjectConfigurationPlatforms) = postSolution
		{DA726001-79DA-45A6-B878-DB659DCA57F3}.Debug|x64.ActiveCfg = Debug|x64
		{DA726001-79DA-45A6-B878-DB659DCA57F3}.Debug|x64.Build.0 = Debug|x64
		{DA726001-79DA-45A6-B878-DB659DCA57F3}.Debug|x86.ActiveCfg = Debug|Win32
		{DA726001-79DA-45A6-B878-DB659DCA57F3}.Debug|x86.Build.0 = Debug|Win32
		{DA726001-79DA-45A6-B878-DB659DCA57F3}.Release|x64.ActiveCfg = Release|x64
		{DA726001-79DA-45A6-B878-DB659DCA57F3}.Release|x64.Build.0 = Release|x64
		{DA726001-79DA-45A6-B878-DB659DCA57F3}.Release|x86.ActiveCfg = Release|Win32
		{DA726001-79DA-45A6-B878-DB659DCA57F3}.Release|x86.Build.0 = Release|Win32
	EndGlobalSection
	GlobalSection(SolutionProperties) = preSolution
		HideSolutionNode = FALSE
	EndGlobalSection
	GlobalSection(ExtensibilityGlobals) = postSolution
		SolutionGuid = {4AED6155-ACFC-485A-99CC-1368FFF31C5F}
	EndGlobalSection
EndGlobal
