
Microsoft Visual Studio Solution File, Format Version 12.00
# Visual Studio 15
VisualStudioVersion = 15.0.27428.2037
MinimumVisualStudioVersion = 10.0.40219.1
Project("{8BC9CEB8-8B4A-11D0-8D11-00A0C91BC942}") = "poj 1502", "poj 1502\poj 1502.vcxproj", "{37E5BA0A-028C-42A9-9D75-76D642E93F42}"
EndProject
Global
	GlobalSection(SolutionConfigurationPlatforms) = preSolution
		Debug|x64 = Debug|x64
		Debug|x86 = Debug|x86
		Release|x64 = Release|x64
		Release|x86 = Release|x86
	EndGlobalSection
	GlobalSection(ProjectConfigurationPlatforms) = postSolution
		{37E5BA0A-028C-42A9-9D75-76D642E93F42}.Debug|x64.ActiveCfg = Debug|x64
		{37E5BA0A-028C-42A9-9D75-76D642E93F42}.Debug|x64.Build.0 = Debug|x64
		{37E5BA0A-028C-42A9-9D75-76D642E93F42}.Debug|x86.ActiveCfg = Debug|Win32
		{37E5BA0A-028C-42A9-9D75-76D642E93F42}.Debug|x86.Build.0 = Debug|Win32
		{37E5BA0A-028C-42A9-9D75-76D642E93F42}.Release|x64.ActiveCfg = Release|x64
		{37E5BA0A-028C-42A9-9D75-76D642E93F42}.Release|x64.Build.0 = Release|x64
		{37E5BA0A-028C-42A9-9D75-76D642E93F42}.Release|x86.ActiveCfg = Release|Win32
		{37E5BA0A-028C-42A9-9D75-76D642E93F42}.Release|x86.Build.0 = Release|Win32
	EndGlobalSection
	GlobalSection(SolutionProperties) = preSolution
		HideSolutionNode = FALSE
	EndGlobalSection
	GlobalSection(ExtensibilityGlobals) = postSolution
		SolutionGuid = {1B41B34D-2CC6-42FE-8207-F81B7AD53ECF}
	EndGlobalSection
EndGlobal
