
Microsoft Visual Studio Solution File, Format Version 12.00
# Visual Studio 15
VisualStudioVersion = 15.0.27428.2037
MinimumVisualStudioVersion = 10.0.40219.1
Project("{8BC9CEB8-8B4A-11D0-8D11-00A0C91BC942}") = "poj 2104 merge sort tree", "poj 2104 merge sort tree\poj 2104 merge sort tree.vcxproj", "{E89E9750-4B44-4418-9861-AB7C2B2398E3}"
EndProject
Global
	GlobalSection(SolutionConfigurationPlatforms) = preSolution
		Debug|x64 = Debug|x64
		Debug|x86 = Debug|x86
		Release|x64 = Release|x64
		Release|x86 = Release|x86
	EndGlobalSection
	GlobalSection(ProjectConfigurationPlatforms) = postSolution
		{E89E9750-4B44-4418-9861-AB7C2B2398E3}.Debug|x64.ActiveCfg = Debug|x64
		{E89E9750-4B44-4418-9861-AB7C2B2398E3}.Debug|x64.Build.0 = Debug|x64
		{E89E9750-4B44-4418-9861-AB7C2B2398E3}.Debug|x86.ActiveCfg = Debug|Win32
		{E89E9750-4B44-4418-9861-AB7C2B2398E3}.Debug|x86.Build.0 = Debug|Win32
		{E89E9750-4B44-4418-9861-AB7C2B2398E3}.Release|x64.ActiveCfg = Release|x64
		{E89E9750-4B44-4418-9861-AB7C2B2398E3}.Release|x64.Build.0 = Release|x64
		{E89E9750-4B44-4418-9861-AB7C2B2398E3}.Release|x86.ActiveCfg = Release|Win32
		{E89E9750-4B44-4418-9861-AB7C2B2398E3}.Release|x86.Build.0 = Release|Win32
	EndGlobalSection
	GlobalSection(SolutionProperties) = preSolution
		HideSolutionNode = FALSE
	EndGlobalSection
	GlobalSection(ExtensibilityGlobals) = postSolution
		SolutionGuid = {6C5C180A-979D-4A3B-86E5-6F04EAB6257F}
	EndGlobalSection
EndGlobal
