
Microsoft Visual Studio Solution File, Format Version 12.00
# Visual Studio 15
VisualStudioVersion = 15.0.27428.2037
MinimumVisualStudioVersion = 10.0.40219.1
Project("{8BC9CEB8-8B4A-11D0-8D11-00A0C91BC942}") = "poj 2299 segment_tree", "poj 2299 segment_tree\poj 2299 segment_tree.vcxproj", "{3381C4A6-1C60-4522-ADF7-60712E135448}"
EndProject
Global
	GlobalSection(SolutionConfigurationPlatforms) = preSolution
		Debug|x64 = Debug|x64
		Debug|x86 = Debug|x86
		Release|x64 = Release|x64
		Release|x86 = Release|x86
	EndGlobalSection
	GlobalSection(ProjectConfigurationPlatforms) = postSolution
		{3381C4A6-1C60-4522-ADF7-60712E135448}.Debug|x64.ActiveCfg = Debug|x64
		{3381C4A6-1C60-4522-ADF7-60712E135448}.Debug|x64.Build.0 = Debug|x64
		{3381C4A6-1C60-4522-ADF7-60712E135448}.Debug|x86.ActiveCfg = Debug|Win32
		{3381C4A6-1C60-4522-ADF7-60712E135448}.Debug|x86.Build.0 = Debug|Win32
		{3381C4A6-1C60-4522-ADF7-60712E135448}.Release|x64.ActiveCfg = Release|x64
		{3381C4A6-1C60-4522-ADF7-60712E135448}.Release|x64.Build.0 = Release|x64
		{3381C4A6-1C60-4522-ADF7-60712E135448}.Release|x86.ActiveCfg = Release|Win32
		{3381C4A6-1C60-4522-ADF7-60712E135448}.Release|x86.Build.0 = Release|Win32
	EndGlobalSection
	GlobalSection(SolutionProperties) = preSolution
		HideSolutionNode = FALSE
	EndGlobalSection
	GlobalSection(ExtensibilityGlobals) = postSolution
		SolutionGuid = {7F6CA61A-F7CD-45E7-A8CE-7A5A3C4C4337}
	EndGlobalSection
EndGlobal
