
Microsoft Visual Studio Solution File, Format Version 12.00
# Visual Studio 15
VisualStudioVersion = 15.0.27428.2037
MinimumVisualStudioVersion = 10.0.40219.1
Project("{8BC9CEB8-8B4A-11D0-8D11-00A0C91BC942}") = "uva 10118", "uva 10118\uva 10118.vcxproj", "{9776DF4C-42CD-4017-AA29-B8862D57988E}"
EndProject
Global
	GlobalSection(SolutionConfigurationPlatforms) = preSolution
		Debug|x64 = Debug|x64
		Debug|x86 = Debug|x86
		Release|x64 = Release|x64
		Release|x86 = Release|x86
	EndGlobalSection
	GlobalSection(ProjectConfigurationPlatforms) = postSolution
		{9776DF4C-42CD-4017-AA29-B8862D57988E}.Debug|x64.ActiveCfg = Debug|x64
		{9776DF4C-42CD-4017-AA29-B8862D57988E}.Debug|x64.Build.0 = Debug|x64
		{9776DF4C-42CD-4017-AA29-B8862D57988E}.Debug|x86.ActiveCfg = Debug|Win32
		{9776DF4C-42CD-4017-AA29-B8862D57988E}.Debug|x86.Build.0 = Debug|Win32
		{9776DF4C-42CD-4017-AA29-B8862D57988E}.Release|x64.ActiveCfg = Release|x64
		{9776DF4C-42CD-4017-AA29-B8862D57988E}.Release|x64.Build.0 = Release|x64
		{9776DF4C-42CD-4017-AA29-B8862D57988E}.Release|x86.ActiveCfg = Release|Win32
		{9776DF4C-42CD-4017-AA29-B8862D57988E}.Release|x86.Build.0 = Release|Win32
	EndGlobalSection
	GlobalSection(SolutionProperties) = preSolution
		HideSolutionNode = FALSE
	EndGlobalSection
	GlobalSection(ExtensibilityGlobals) = postSolution
		SolutionGuid = {940B00A3-6801-4DC4-8E6F-2ABD71576EDC}
	EndGlobalSection
EndGlobal
