
Microsoft Visual Studio Solution File, Format Version 12.00
# Visual Studio 15
VisualStudioVersion = 15.0.27428.2037
MinimumVisualStudioVersion = 10.0.40219.1
Project("{8BC9CEB8-8B4A-11D0-8D11-00A0C91BC942}") = "uva 116", "uva 116\uva 116.vcxproj", "{98785918-F84B-421D-84F6-9E3B23E20F99}"
EndProject
Global
	GlobalSection(SolutionConfigurationPlatforms) = preSolution
		Debug|x64 = Debug|x64
		Debug|x86 = Debug|x86
		Release|x64 = Release|x64
		Release|x86 = Release|x86
	EndGlobalSection
	GlobalSection(ProjectConfigurationPlatforms) = postSolution
		{98785918-F84B-421D-84F6-9E3B23E20F99}.Debug|x64.ActiveCfg = Debug|x64
		{98785918-F84B-421D-84F6-9E3B23E20F99}.Debug|x64.Build.0 = Debug|x64
		{98785918-F84B-421D-84F6-9E3B23E20F99}.Debug|x86.ActiveCfg = Debug|Win32
		{98785918-F84B-421D-84F6-9E3B23E20F99}.Debug|x86.Build.0 = Debug|Win32
		{98785918-F84B-421D-84F6-9E3B23E20F99}.Release|x64.ActiveCfg = Release|x64
		{98785918-F84B-421D-84F6-9E3B23E20F99}.Release|x64.Build.0 = Release|x64
		{98785918-F84B-421D-84F6-9E3B23E20F99}.Release|x86.ActiveCfg = Release|Win32
		{98785918-F84B-421D-84F6-9E3B23E20F99}.Release|x86.Build.0 = Release|Win32
	EndGlobalSection
	GlobalSection(SolutionProperties) = preSolution
		HideSolutionNode = FALSE
	EndGlobalSection
	GlobalSection(ExtensibilityGlobals) = postSolution
		SolutionGuid = {83A0A928-06DE-4DD1-9CD3-D2F357DB55BA}
	EndGlobalSection
EndGlobal
