
Microsoft Visual Studio Solution File, Format Version 12.00
# Visual Studio 15
VisualStudioVersion = 15.0.27428.2037
MinimumVisualStudioVersion = 10.0.40219.1
Project("{8BC9CEB8-8B4A-11D0-8D11-00A0C91BC942}") = "A", "A\A.vcxproj", "{1D014EA5-B192-4143-B382-D0BF902CD04D}"
EndProject
Global
	GlobalSection(SolutionConfigurationPlatforms) = preSolution
		Debug|x64 = Debug|x64
		Debug|x86 = Debug|x86
		Release|x64 = Release|x64
		Release|x86 = Release|x86
	EndGlobalSection
	GlobalSection(ProjectConfigurationPlatforms) = postSolution
		{1D014EA5-B192-4143-B382-D0BF902CD04D}.Debug|x64.ActiveCfg = Debug|x64
		{1D014EA5-B192-4143-B382-D0BF902CD04D}.Debug|x64.Build.0 = Debug|x64
		{1D014EA5-B192-4143-B382-D0BF902CD04D}.Debug|x86.ActiveCfg = Debug|Win32
		{1D014EA5-B192-4143-B382-D0BF902CD04D}.Debug|x86.Build.0 = Debug|Win32
		{1D014EA5-B192-4143-B382-D0BF902CD04D}.Release|x64.ActiveCfg = Release|x64
		{1D014EA5-B192-4143-B382-D0BF902CD04D}.Release|x64.Build.0 = Release|x64
		{1D014EA5-B192-4143-B382-D0BF902CD04D}.Release|x86.ActiveCfg = Release|Win32
		{1D014EA5-B192-4143-B382-D0BF902CD04D}.Release|x86.Build.0 = Release|Win32
	EndGlobalSection
	GlobalSection(SolutionProperties) = preSolution
		HideSolutionNode = FALSE
	EndGlobalSection
	GlobalSection(ExtensibilityGlobals) = postSolution
		SolutionGuid = {BE465CC5-662E-45D6-ADB8-952334E1A992}
	EndGlobalSection
EndGlobal
