
Microsoft Visual Studio Solution File, Format Version 12.00
# Visual Studio 15
VisualStudioVersion = 15.0.27428.2037
MinimumVisualStudioVersion = 10.0.40219.1
Project("{8BC9CEB8-8B4A-11D0-8D11-00A0C91BC942}") = "B", "B\B.vcxproj", "{50D7D0CE-054E-4FFD-A21A-A7D120BB611E}"
EndProject
Global
	GlobalSection(SolutionConfigurationPlatforms) = preSolution
		Debug|x64 = Debug|x64
		Debug|x86 = Debug|x86
		Release|x64 = Release|x64
		Release|x86 = Release|x86
	EndGlobalSection
	GlobalSection(ProjectConfigurationPlatforms) = postSolution
		{50D7D0CE-054E-4FFD-A21A-A7D120BB611E}.Debug|x64.ActiveCfg = Debug|x64
		{50D7D0CE-054E-4FFD-A21A-A7D120BB611E}.Debug|x64.Build.0 = Debug|x64
		{50D7D0CE-054E-4FFD-A21A-A7D120BB611E}.Debug|x86.ActiveCfg = Debug|Win32
		{50D7D0CE-054E-4FFD-A21A-A7D120BB611E}.Debug|x86.Build.0 = Debug|Win32
		{50D7D0CE-054E-4FFD-A21A-A7D120BB611E}.Release|x64.ActiveCfg = Release|x64
		{50D7D0CE-054E-4FFD-A21A-A7D120BB611E}.Release|x64.Build.0 = Release|x64
		{50D7D0CE-054E-4FFD-A21A-A7D120BB611E}.Release|x86.ActiveCfg = Release|Win32
		{50D7D0CE-054E-4FFD-A21A-A7D120BB611E}.Release|x86.Build.0 = Release|Win32
	EndGlobalSection
	GlobalSection(SolutionProperties) = preSolution
		HideSolutionNode = FALSE
	EndGlobalSection
	GlobalSection(ExtensibilityGlobals) = postSolution
		SolutionGuid = {0DEAF0F4-7692-4694-89C3-6C1D942CE897}
	EndGlobalSection
EndGlobal
