
Microsoft Visual Studio Solution File, Format Version 12.00
# Visual Studio Version 16
VisualStudioVersion = 16.0.29025.244
MinimumVisualStudioVersion = 10.0.40219.1
Project("{8BC9CEB8-8B4A-11D0-8D11-00A0C91BC942}") = "B", "B\B.vcxproj", "{34030F0C-4D1B-450C-9F1D-F51DEB9E3AD2}"
EndProject
Global
	GlobalSection(SolutionConfigurationPlatforms) = preSolution
		Debug|x64 = Debug|x64
		Debug|x86 = Debug|x86
		Release|x64 = Release|x64
		Release|x86 = Release|x86
	EndGlobalSection
	GlobalSection(ProjectConfigurationPlatforms) = postSolution
		{34030F0C-4D1B-450C-9F1D-F51DEB9E3AD2}.Debug|x64.ActiveCfg = Debug|x64
		{34030F0C-4D1B-450C-9F1D-F51DEB9E3AD2}.Debug|x64.Build.0 = Debug|x64
		{34030F0C-4D1B-450C-9F1D-F51DEB9E3AD2}.Debug|x86.ActiveCfg = Debug|Win32
		{34030F0C-4D1B-450C-9F1D-F51DEB9E3AD2}.Debug|x86.Build.0 = Debug|Win32
		{34030F0C-4D1B-450C-9F1D-F51DEB9E3AD2}.Release|x64.ActiveCfg = Release|x64
		{34030F0C-4D1B-450C-9F1D-F51DEB9E3AD2}.Release|x64.Build.0 = Release|x64
		{34030F0C-4D1B-450C-9F1D-F51DEB9E3AD2}.Release|x86.ActiveCfg = Release|Win32
		{34030F0C-4D1B-450C-9F1D-F51DEB9E3AD2}.Release|x86.Build.0 = Release|Win32
	EndGlobalSection
	GlobalSection(SolutionProperties) = preSolution
		HideSolutionNode = FALSE
	EndGlobalSection
	GlobalSection(ExtensibilityGlobals) = postSolution
		SolutionGuid = {33EDFE8E-783D-4BF8-A9DA-555B87FA56D7}
	EndGlobalSection
EndGlobal
