
Microsoft Visual Studio Solution File, Format Version 12.00
# Visual Studio 15
VisualStudioVersion = 15.0.27428.2037
MinimumVisualStudioVersion = 10.0.40219.1
Project("{8BC9CEB8-8B4A-11D0-8D11-00A0C91BC942}") = "uva 11400", "uva 11400\uva 11400.vcxproj", "{DD294F04-431F-41B9-8C65-C9BC2F531FFB}"
EndProject
Global
	GlobalSection(SolutionConfigurationPlatforms) = preSolution
		Debug|x64 = Debug|x64
		Debug|x86 = Debug|x86
		Release|x64 = Release|x64
		Release|x86 = Release|x86
	EndGlobalSection
	GlobalSection(ProjectConfigurationPlatforms) = postSolution
		{DD294F04-431F-41B9-8C65-C9BC2F531FFB}.Debug|x64.ActiveCfg = Debug|x64
		{DD294F04-431F-41B9-8C65-C9BC2F531FFB}.Debug|x64.Build.0 = Debug|x64
		{DD294F04-431F-41B9-8C65-C9BC2F531FFB}.Debug|x86.ActiveCfg = Debug|Win32
		{DD294F04-431F-41B9-8C65-C9BC2F531FFB}.Debug|x86.Build.0 = Debug|Win32
		{DD294F04-431F-41B9-8C65-C9BC2F531FFB}.Release|x64.ActiveCfg = Release|x64
		{DD294F04-431F-41B9-8C65-C9BC2F531FFB}.Release|x64.Build.0 = Release|x64
		{DD294F04-431F-41B9-8C65-C9BC2F531FFB}.Release|x86.ActiveCfg = Release|Win32
		{DD294F04-431F-41B9-8C65-C9BC2F531FFB}.Release|x86.Build.0 = Release|Win32
	EndGlobalSection
	GlobalSection(SolutionProperties) = preSolution
		HideSolutionNode = FALSE
	EndGlobalSection
	GlobalSection(ExtensibilityGlobals) = postSolution
		SolutionGuid = {8F99DCA7-CC61-4AB5-91EA-08DB3EC2B386}
	EndGlobalSection
EndGlobal
