
Microsoft Visual Studio Solution File, Format Version 12.00
# Visual Studio 15
VisualStudioVersion = 15.0.27428.2037
MinimumVisualStudioVersion = 10.0.40219.1
Project("{8BC9CEB8-8B4A-11D0-8D11-00A0C91BC942}") = "poj 1651 矩阵链乘", "poj 1651 矩阵链乘\poj 1651 矩阵链乘.vcxproj", "{00846432-ADEA-4DA0-8B4F-C4AF5A124CBE}"
EndProject
Global
	GlobalSection(SolutionConfigurationPlatforms) = preSolution
		Debug|x64 = Debug|x64
		Debug|x86 = Debug|x86
		Release|x64 = Release|x64
		Release|x86 = Release|x86
	EndGlobalSection
	GlobalSection(ProjectConfigurationPlatforms) = postSolution
		{00846432-ADEA-4DA0-8B4F-C4AF5A124CBE}.Debug|x64.ActiveCfg = Debug|x64
		{00846432-ADEA-4DA0-8B4F-C4AF5A124CBE}.Debug|x64.Build.0 = Debug|x64
		{00846432-ADEA-4DA0-8B4F-C4AF5A124CBE}.Debug|x86.ActiveCfg = Debug|Win32
		{00846432-ADEA-4DA0-8B4F-C4AF5A124CBE}.Debug|x86.Build.0 = Debug|Win32
		{00846432-ADEA-4DA0-8B4F-C4AF5A124CBE}.Release|x64.ActiveCfg = Release|x64
		{00846432-ADEA-4DA0-8B4F-C4AF5A124CBE}.Release|x64.Build.0 = Release|x64
		{00846432-ADEA-4DA0-8B4F-C4AF5A124CBE}.Release|x86.ActiveCfg = Release|Win32
		{00846432-ADEA-4DA0-8B4F-C4AF5A124CBE}.Release|x86.Build.0 = Release|Win32
	EndGlobalSection
	GlobalSection(SolutionProperties) = preSolution
		HideSolutionNode = FALSE
	EndGlobalSection
	GlobalSection(ExtensibilityGlobals) = postSolution
		SolutionGuid = {8CA9E399-610C-4EEB-8B4E-133381F1A7F9}
	EndGlobalSection
EndGlobal
