
Microsoft Visual Studio Solution File, Format Version 12.00
# Visual Studio 15
VisualStudioVersion = 15.0.27428.2037
MinimumVisualStudioVersion = 10.0.40219.1
Project("{8BC9CEB8-8B4A-11D0-8D11-00A0C91BC942}") = "uva 1471", "uva 1471\uva 1471.vcxproj", "{F2DC31A9-43CF-4ACC-A8E0-695F7033233B}"
EndProject
Global
	GlobalSection(SolutionConfigurationPlatforms) = preSolution
		Debug|x64 = Debug|x64
		Debug|x86 = Debug|x86
		Release|x64 = Release|x64
		Release|x86 = Release|x86
	EndGlobalSection
	GlobalSection(ProjectConfigurationPlatforms) = postSolution
		{F2DC31A9-43CF-4ACC-A8E0-695F7033233B}.Debug|x64.ActiveCfg = Debug|x64
		{F2DC31A9-43CF-4ACC-A8E0-695F7033233B}.Debug|x64.Build.0 = Debug|x64
		{F2DC31A9-43CF-4ACC-A8E0-695F7033233B}.Debug|x86.ActiveCfg = Debug|Win32
		{F2DC31A9-43CF-4ACC-A8E0-695F7033233B}.Debug|x86.Build.0 = Debug|Win32
		{F2DC31A9-43CF-4ACC-A8E0-695F7033233B}.Release|x64.ActiveCfg = Release|x64
		{F2DC31A9-43CF-4ACC-A8E0-695F7033233B}.Release|x64.Build.0 = Release|x64
		{F2DC31A9-43CF-4ACC-A8E0-695F7033233B}.Release|x86.ActiveCfg = Release|Win32
		{F2DC31A9-43CF-4ACC-A8E0-695F7033233B}.Release|x86.Build.0 = Release|Win32
	EndGlobalSection
	GlobalSection(SolutionProperties) = preSolution
		HideSolutionNode = FALSE
	EndGlobalSection
	GlobalSection(ExtensibilityGlobals) = postSolution
		SolutionGuid = {FA71FA05-0F88-4A89-A400-918009751F52}
	EndGlobalSection
EndGlobal
